dependencies:
  espressif/led_strip:
    component_hash: 28621486f77229aaf81c71f5e15d6fbf36c2949cf11094e07090593e659e7639
    dependencies:
    - name: idf
      require: private
      version: '>=5.0'
    source:
      registry_url: https://components.espressif.com/
      type: service
    version: 3.0.3
  idf:
    source:
      type: idf
    version: 5.5.5
direct_dependencies:
- espressif/led_strip
- idf
manifest_hash: 66f0d1a5019d1277f845b61ed7ecd51b2f8a000d6fb5b32b40131928bf590fba
target: esp32c3
version: 2.0.0
